{
  "name": "agent",
  "version": "1.0.0",
  "lockfileVersion": 1,
  "requires": true,
  "dependencies": {
    "jStat": {
      "version": "1.7.1",
      "resolved": "https://registry.npmjs.org/jStat/-/jStat-1.7.1.tgz",
      "integrity": "sha512-toueem/U5hyHM6pqe6OZOL/5P8MrY7Ss1K8Brg+TcfX+RAjDU/sbwy72fwzmLPQ5ykdBe1UEoWQHc7OSNWMUDQ=="
    },
    "simple-statistics": {
      "version": "5.2.0",
      "resolved": "https://registry.npmjs.org/simple-statistics/-/simple-statistics-5.2.0.tgz",
      "integrity": "sha512-7vwnPjDITQkSSDcbYRzywpYrXKUM+MrxNK9y/hfdBn2x9486n+tUrbAzG96Sp4KZO30eNnoGSzvYIiZ7lxrt2Q=="
    }
  }
}
